
Microsoft Visual Studio Solution File, Format Version 12.00
# Visual Studio Version 16
VisualStudioVersion = 16.0.32802.440
MinimumVisualStudioVersion = 10.0.40219.1
Project("{FAE04EC0-301F-11D3-BF4B-00C04F79EFBC}") = "Requests", "Requests\Requests.csproj", "{C692A8E3-1F4C-4D1D-8580-6F227D8B5478}"
EndProject
Global
	GlobalSection(SolutionConfigurationPlatforms) = preSolution
		Debug|Any CPU = Debug|Any CPU
		Release|Any CPU = Release|Any CPU
	EndGlobalSection
	GlobalSection(ProjectConfigurationPlatforms) = postSolution
		{C692A8E3-1F4C-4D1D-8580-6F227D8B5478}.Debug|Any CPU.ActiveCfg = Debug|Any CPU
		{C692A8E3-1F4C-4D1D-8580-6F227D8B5478}.Debug|Any CPU.Build.0 = Debug|Any CPU
		{C692A8E3-1F4C-4D1D-8580-6F227D8B5478}.Release|Any CPU.ActiveCfg = Release|Any CPU
		{C692A8E3-1F4C-4D1D-8580-6F227D8B5478}.Release|Any CPU.Build.0 = Release|Any CPU
	EndGlobalSection
	GlobalSection(SolutionProperties) = preSolution
		HideSolutionNode = FALSE
	EndGlobalSection
	GlobalSection(ExtensibilityGlobals) = postSolution
		SolutionGuid = {39ECCF17-3DFB-4148-BD58-E96EC56F29EE}
	EndGlobalSection
EndGlobal
